
Microsoft Visual Studio Solution File, Format Version 12.00
# Visual Studio Version 16
VisualStudioVersion = 16.0.32002.261
MinimumVisualStudioVersion = 10.0.40219.1
Project("{FAE04EC0-301F-11D3-BF4B-00C04F79EFBC}") = "DataMergeEditor_WCF_SOAP_API", "DataMergeEditor_WCF_SOAP_API\DataMergeEditor_WCF_SOAP_API.csproj", "{F261DCF3-7309-4322-AD63-F3434ADF8840}"
EndProject
Global
	GlobalSection(SolutionConfigurationPlatforms) = preSolution
		Debug|Any CPU = Debug|Any CPU
		Release|Any CPU = Release|Any CPU
	EndGlobalSection
	GlobalSection(ProjectConfigurationPlatforms) = postSolution
		{F261DCF3-7309-4322-AD63-F3434ADF8840}.Debug|Any CPU.ActiveCfg = Debug|Any CPU
		{F261DCF3-7309-4322-AD63-F3434ADF8840}.Debug|Any CPU.Build.0 = Debug|Any CPU
		{F261DCF3-7309-4322-AD63-F3434ADF8840}.Release|Any CPU.ActiveCfg = Release|Any CPU
		{F261DCF3-7309-4322-AD63-F3434ADF8840}.Release|Any CPU.Build.0 = Release|Any CPU
	EndGlobalSection
	GlobalSection(SolutionProperties) = preSolution
		HideSolutionNode = FALSE
	EndGlobalSection
	GlobalSection(ExtensibilityGlobals) = postSolution
		SolutionGuid = {C6656C22-73B6-4003-BC4E-E8961E75F65F}
	EndGlobalSection
EndGlobal
